
Microsoft Visual Studio Solution File, Format Version 12.00
# Visual Studio Version 17
VisualStudioVersion = 17.11.35312.102
MinimumVisualStudioVersion = 10.0.40219.1
Project("{FAE04EC0-301F-11D3-BF4B-00C04F79EFBC}") = "MediaShareApp", "MediaShareApp\MediaShareApp.csproj", "{82E8D454-A6F7-4FED-B819-0E017B6C22EE}"
EndProject
Project("{FAE04EC0-301F-11D3-BF4B-00C04F79EFBC}") = "MediaShareApp.Tests", "MediaShareApp.Tests\MediaShareApp.Tests.csproj", "{9F750B50-4286-4CC0-90A3-5E9A7DA7AF01}"
EndProject
Global
	GlobalSection(SolutionConfigurationPlatforms) = preSolution
		Debug|Any CPU = Debug|Any CPU
		Release|Any CPU = Release|Any CPU
	EndGlobalSection
	GlobalSection(ProjectConfigurationPlatforms) = postSolution
		{82E8D454-A6F7-4FED-B819-0E017B6C22EE}.Debug|Any CPU.ActiveCfg = Debug|Any CPU
		{82E8D454-A6F7-4FED-B819-0E017B6C22EE}.Debug|Any CPU.Build.0 = Debug|Any CPU
		{82E8D454-A6F7-4FED-B819-0E017B6C22EE}.Release|Any CPU.ActiveCfg = Release|Any CPU
		{82E8D454-A6F7-4FED-B819-0E017B6C22EE}.Release|Any CPU.Build.0 = Release|Any CPU
		{9F750B50-4286-4CC0-90A3-5E9A7DA7AF01}.Debug|Any CPU.ActiveCfg = Debug|Any CPU
		{9F750B50-4286-4CC0-90A3-5E9A7DA7AF01}.Debug|Any CPU.Build.0 = Debug|Any CPU
		{9F750B50-4286-4CC0-90A3-5E9A7DA7AF01}.Release|Any CPU.ActiveCfg = Release|Any CPU
		{9F750B50-4286-4CC0-90A3-5E9A7DA7AF01}.Release|Any CPU.Build.0 = Release|Any CPU
	EndGlobalSection
	GlobalSection(SolutionProperties) = preSolution
		HideSolutionNode = FALSE
	EndGlobalSection
	GlobalSection(ExtensibilityGlobals) = postSolution
		SolutionGuid = {F318820B-EAC4-40C4-83C7-E5B5EBA0A97A}
	EndGlobalSection
EndGlobal
